// !$*UTF8*$!
{
	archiveVersion = 1;
	classes = {
	};
	objectVersion = 56;
	objects = {

/* Begin PBXBuildFile section */
		A3DBE18F296BE17B005B7F34 /* PinchApp.swift in Sources */ = {isa = PBXBuildFile; fileRef = A3DBE18E296BE17B005B7F34 /* PinchApp.swift */; };
		A3DBE191296BE17B005B7F34 /* ContentView.swift in Sources */ = {isa = PBXBuildFile; fileRef = A3DBE190296BE17B005B7F34 /* ContentView.swift */; };
		A3DBE193296BE180005B7F34 /* Assets.xcassets in Resources */ = {isa = PBXBuildFile; fileRef = A3DBE192296BE180005B7F34 /* Assets.xcassets */; };
		A3DBE196296BE180005B7F34 /* Preview Assets.xcassets in Resources */ = {isa = PBXBuildFile; fileRef = A3DBE195296BE180005B7F34 /* Preview Assets.xcassets */; };
		A3DBE1A1296D9CAA005B7F34 /* InfoPanelView.swift in Sources */ = {isa = PBXBuildFile; fileRef = A3DBE1A0296D9CAA005B7F34 /* InfoPanelView.swift */; };
		A3DBE1A3296E37E7005B7F34 /* ControllImageView.swift in Sources */ = {isa = PBXBuildFile; fileRef = A3DBE1A2296E37E7005B7F34 /* ControllImageView.swift */; };
		A3DBE1A529728A8A005B7F34 /* PageModel.swift in Sources */ = {isa = PBXBuildFile; fileRef = A3DBE1A429728A8A005B7F34 /* PageModel.swift */; };
		A3DBE1A729728AE5005B7F34 /* PageData.swift in Sources */ = {isa = PBXBuildFile; fileRef = A3DBE1A629728AE5005B7F34 /* PageData.swift */; };
/* End PBXBuildFile section */

/* Begin PBXFileReference section */
		A3DBE18B296BE17B005B7F34 /* Pinch.app */ = {isa = PBXFileReference; explicitFileType = wrapper.application; includeInIndex = 0; path = Pinch.app; sourceTree = BUILT_PRODUCTS_DIR; };
		A3DBE18E296BE17B005B7F34 /* PinchApp.swift */ = {isa = PBXFileReference; lastKnownFileType = sourcecode.swift; path = PinchApp.swift; sourceTree = "<group>"; };
		A3DBE190296BE17B005B7F34 /* ContentView.swift */ = {isa = PBXFileReference; lastKnownFileType = sourcecode.swift; path = ContentView.swift; sourceTree = "<group>"; };
		A3DBE192296BE180005B7F34 /* Assets.xcassets */ = {isa = PBXFileReference; lastKnownFileType = folder.assetcatalog; path = Assets.xcassets; sourceTree = "<group>"; };
		A3DBE195296BE180005B7F34 /* Preview Assets.xcassets */ = {isa = PBXFileReference; lastKnownFileType = folder.assetcatalog; path = "Preview Assets.xcassets"; sourceTree = "<group>"; };
		A3DBE1A0296D9CAA005B7F34 /* InfoPanelView.swift */ = {isa = PBXFileReference; lastKnownFileType = sourcecode.swift; path = InfoPanelView.swift; sourceTree = "<group>"; };
		A3DBE1A2296E37E7005B7F34 /* ControllImageView.swift */ = {isa = PBXFileReference; lastKnownFileType = sourcecode.swift; path = ControllImageView.swift; sourceTree = "<group>"; };
		A3DBE1A429728A8A005B7F34 /* PageModel.swift */ = {isa = PBXFileReference; lastKnownFileType = sourcecode.swift; path = PageModel.swift; sourceTree = "<group>"; };
		A3DBE1A629728AE5005B7F34 /* PageData.swift */ = {isa = PBXFileReference; lastKnownFileType = sourcecode.swift; path = PageData.swift; sourceTree = "<group>"; };
/* End PBXFileReference section */

/* Begin PBXFrameworksBuildPhase section */
		A3DBE188296BE17B005B7F34 /* Frameworks */ = {
			isa = PBXFrameworksBuildPhase;
			buildActionMask = 2147483647;
			files = (
			);
			runOnlyForDeploymentPostprocessing = 0;
		};
/* End PBXFrameworksBuildPhase section */

/* Begin PBXGroup section */
		A3DBE182296BE17B005B7F34 = {
			isa = PBXGroup;
			children = (
				A3DBE18D296BE17B005B7F34 /* Pinch */,
				A3DBE18C296BE17B005B7F34 /* Products */,
			);
			sourceTree = "<group>";
		};
		A3DBE18C296BE17B005B7F34 /* Products */ = {
			isa = PBXGroup;
			children = (
				A3DBE18B296BE17B005B7F34 /* Pinch.app */,
			);
			name = Products;
			sourceTree = "<group>";
		};
		A3DBE18D296BE17B005B7F34 /* Pinch */ = {
			isa = PBXGroup;
			children = (
				A3DBE19F296BEFD8005B7F34 /* Model */,
				A3DBE19E296BEFD1005B7F34 /* Data */,
				A3DBE19D296BEFA0005B7F34 /* View */,
				A3DBE18E296BE17B005B7F34 /* PinchApp.swift */,
				A3DBE19C296BEF79005B7F34 /* Screen */,
				A3DBE192296BE180005B7F34 /* Assets.xcassets */,
				A3DBE194296BE180005B7F34 /* Preview Content */,
			);
			path = Pinch;
			sourceTree = "<group>";
		};
		A3DBE194296BE180005B7F34 /* Preview Content */ = {
			isa = PBXGroup;
			children = (
				A3DBE195296BE180005B7F34 /* Preview Assets.xcassets */,
			);
			path = "Preview Content";
			sourceTree = "<group>";
		};
		A3DBE19C296BEF79005B7F34 /* Screen */ = {
			isa = PBXGroup;
			children = (
				A3DBE190296BE17B005B7F34 /* ContentView.swift */,
			);
			path = Screen;
			sourceTree = "<group>";
		};
		A3DBE19D296BEFA0005B7F34 /* View */ = {
			isa = PBXGroup;
			children = (
				A3DBE1A0296D9CAA005B7F34 /* InfoPanelView.swift */,
				A3DBE1A2296E37E7005B7F34 /* ControllImageView.swift */,
			);
			path = View;
			sourceTree = "<group>";
		};
		A3DBE19E296BEFD1005B7F34 /* Data */ = {
			isa = PBXGroup;
			children = (
				A3DBE1A629728AE5005B7F34 /* PageData.swift */,
			);
			path = Data;
			sourceTree = "<group>";
		};
		A3DBE19F296BEFD8005B7F34 /* Model */ = {
			isa = PBXGroup;
			children = (
				A3DBE1A429728A8A005B7F34 /* PageModel.swift */,
			);
			path = Model;
			sourceTree = "<group>";
		};
/* End PBXGroup section */

/* Begin PBXNativeTarget section */
		A3DBE18A296BE17B005B7F34 /* Pinch */ = {
			isa = PBXNativeTarget;
			buildConfigurationList = A3DBE199296BE180005B7F34 /* Build configuration list for PBXNativeTarget "Pinch" */;
			buildPhases = (
				A3DBE187296BE17B005B7F34 /* Sources */,
				A3DBE188296BE17B005B7F34 /* Frameworks */,
				A3DBE189296BE17B005B7F34 /* Resources */,
			);
			buildRules = (
			);
			dependencies = (
			);
			name = Pinch;
			productName = Pinch;
			productReference = A3DBE18B296BE17B005B7F34 /* Pinch.app */;
			productType = "com.apple.product-type.application";
		};
/* End PBXNativeTarget section */

/* Begin PBXProject section */
		A3DBE183296BE17B005B7F34 /* Project object */ = {
			isa = PBXProject;
			attributes = {
				BuildIndependentTargetsInParallel = 1;
				LastSwiftUpdateCheck = 1420;
				LastUpgradeCheck = 1420;
				TargetAttributes = {
					A3DBE18A296BE17B005B7F34 = {
						CreatedOnToolsVersion = 14.2;
					};
				};
			};
			buildConfigurationList = A3DBE186296BE17B005B7F34 /* Build configuration list for PBXProject "Pinch" */;
			compatibilityVersion = "Xcode 14.0";
			developmentRegion = en;
			hasScannedForEncodings = 0;
			knownRegions = (
				en,
				Base,
			);
			mainGroup = A3DBE182296BE17B005B7F34;
			productRefGroup = A3DBE18C296BE17B005B7F34 /* Products */;
			projectDirPath = "";
			projectRoot = "";
			targets = (
				A3DBE18A296BE17B005B7F34 /* Pinch */,
			);
		};
/* End PBXProject section */

/* Begin PBXResourcesBuildPhase section */
		A3DBE189296BE17B005B7F34 /* Resources */ = {
			isa = PBXResourcesBuildPhase;
			buildActionMask = 2147483647;
			files = (
				A3DBE196296BE180005B7F34 /* Preview Assets.xcassets in Resources */,
				A3DBE193296BE180005B7F34 /* Assets.xcassets in Resources */,
			);
			runOnlyForDeploymentPostprocessing = 0;
		};
/* End PBXResourcesBuildPhase section */

/* Begin PBXSourcesBuildPhase section */
		A3DBE187296BE17B005B7F34 /* Sources */ = {
			isa = PBXSourcesBuildPhase;
			buildActionMask = 2147483647;
			files = (
				A3DBE191296BE17B005B7F34 /* ContentView.swift in Sources */,
				A3DBE1A529728A8A005B7F34 /* PageModel.swift in Sources */,
				A3DBE1A3296E37E7005B7F34 /* ControllImageView.swift in Sources */,
				A3DBE18F296BE17B005B7F34 /* PinchApp.swift in Sources */,
				A3DBE1A729728AE5005B7F34 /* PageData.swift in Sources */,
				A3DBE1A1296D9CAA005B7F34 /* InfoPanelView.swift in Sources */,
			);
			runOnlyForDeploymentPostprocessing = 0;
		};
/* End PBXSourcesBuildPhase section */

/* Begin XCBuildConfiguration section */
		A3DBE197296BE180005B7F34 /* Debug */ = {
			isa = XCBuildConfiguration;
			buildSettings = {
				ALWAYS_SEARCH_USER_PATHS = NO;
				CLANG_ANALYZER_NONNULL = YES;
				CLANG_ANALYZER_NUMBER_OBJECT_CONVERSION = YES_AGGRESSIVE;
				CLANG_CXX_LANGUAGE_STANDARD = "gnu++20";
				CLANG_ENABLE_MODULES = YES;
				CLANG_ENABLE_OBJC_ARC = YES;
				CLANG_ENABLE_OBJC_WEAK = YES;
				CLANG_WARN_BLOCK_CAPTURE_AUTORELEASING = YES;
				CLANG_WARN_BOOL_CONVERSION = YES;
				CLANG_WARN_COMMA = YES;
				CLANG_WARN_CONSTANT_CONVERSION = YES;
				CLANG_WARN_DEPRECATED_OBJC_IMPLEMENTATIONS = YES;
				CLANG_WARN_DIRECT_OBJC_ISA_USAGE = YES_ERROR;
				CLANG_WARN_DOCUMENTATION_COMMENTS = YES;
				CLANG_WARN_EMPTY_BODY = YES;
				CLANG_WARN_ENUM_CONVERSION = YES;
				CLANG_WARN_INFINITE_RECURSION = YES;
				CLANG_WARN_INT_CONVERSION = YES;
				CLANG_WARN_NON_LITERAL_NULL_CONVERSION = YES;
				CLANG_WARN_OBJC_IMPLICIT_RETAIN_SELF = YES;
				CLANG_WARN_OBJC_LITERAL_CONVERSION = YES;
				CLANG_WARN_OBJC_ROOT_CLASS = YES_ERROR;
				CLANG_WARN_QUOTED_INCLUDE_IN_FRAMEWORK_HEADER = YES;
				CLANG_WARN_RANGE_LOOP_ANALYSIS = YES;
				CLANG_WARN_STRICT_PROTOTYPES = YES;
				CLANG_WARN_SUSPICIOUS_MOVE = YES;
				CLANG_WARN_UNGUARDED_AVAILABILITY = YES_AGGRESSIVE;
				CLANG_WARN_UNREACHABLE_CODE = YES;
				CLANG_WARN__DUPLICATE_METHOD_MATCH = YES;
				COPY_PHASE_STRIP = NO;
				DEBUG_INFORMATION_FORMAT = dwarf;
				ENABLE_STRICT_OBJC_MSGSEND = YES;
				ENABLE_TESTABILITY = YES;
				GCC_C_LANGUAGE_STANDARD = gnu11;
				GCC_DYNAMIC_NO_PIC = NO;
				GCC_NO_COMMON_BLOCKS = YES;
				GCC_OPTIMIZATION_LEVEL = 0;
				GCC_PREPROCESSOR_DEFINITIONS = (
					"DEBUG=1",
					"$(inherited)",
				);
				GCC_WARN_64_TO_32_BIT_CONVERSION = YES;
				GCC_WARN_ABOUT_RETURN_TYPE = YES_ERROR;
				GCC_WARN_UNDECLARED_SELECTOR = YES;
				GCC_WARN_UNINITIALIZED_AUTOS = YES_AGGRESSIVE;
				GCC_WARN_UNUSED_FUNCTION = YES;
				GCC_WARN_UNUSED_VARIABLE = YES;
				IPHONEOS_DEPLOYMENT_TARGET = 16.2;
				MTL_ENABLE_DEBUG_INFO = INCLUDE_SOURCE;
				MTL_FAST_MATH = YES;
				ONLY_ACTIVE_ARCH = YES;
				SDKROOT = iphoneos;
				SWIFT_ACTIVE_COMPILATION_CONDITIONS = DEBUG;
				SWIFT_OPTIMIZATION_LEVEL = "-Onone";
			};
			name = Debug;
		};
		A3DBE198296BE180005B7F34 /* Release */ = {
			isa = XCBuildConfiguration;
			buildSettings = {
				ALWAYS_SEARCH_USER_PATHS = NO;
				CLANG_ANALYZER_NONNULL = YES;
				CLANG_ANALYZER_NUMBER_OBJECT_CONVERSION = YES_AGGRESSIVE;
				CLANG_CXX_LANGUAGE_STANDARD = "gnu++20";
				CLANG_ENABLE_MODULES = YES;
				CLANG_ENABLE_OBJC_ARC = YES;
				CLANG_ENABLE_OBJC_WEAK = YES;
				CLANG_WARN_BLOCK_CAPTURE_AUTORELEASING = YES;
				CLANG_WARN_BOOL_CONVERSION = YES;
				CLANG_WARN_COMMA = YES;
				CLANG_WARN_CONSTANT_CONVERSION = YES;
				CLANG_WARN_DEPRECATED_OBJC_IMPLEMENTATIONS = YES;
				CLANG_WARN_DIRECT_OBJC_ISA_USAGE = YES_ERROR;
				CLANG_WARN_DOCUMENTATION_COMMENTS = YES;
				CLANG_WARN_EMPTY_BODY = YES;
				CLANG_WARN_ENUM_CONVERSION = YES;
				CLANG_WARN_INFINITE_RECURSION = YES;
				CLANG_WARN_INT_CONVERSION = YES;
				CLANG_WARN_NON_LITERAL_NULL_CONVERSION = YES;
				CLANG_WARN_OBJC_IMPLICIT_RETAIN_SELF = YES;
				CLANG_WARN_OBJC_LITERAL_CONVERSION = YES;
				CLANG_WARN_OBJC_ROOT_CLASS = YES_ERROR;
				CLANG_WARN_QUOTED_INCLUDE_IN_FRAMEWORK_HEADER = YES;
				CLANG_WARN_RANGE_LOOP_ANALYSIS = YES;
				CLANG_WARN_STRICT_PROTOTYPES = YES;
				CLANG_WARN_SUSPICIOUS_MOVE = YES;
				CLANG_WARN_UNGUARDED_AVAILABILITY = YES_AGGRESSIVE;
				CLANG_WARN_UNREACHABLE_CODE = YES;
				CLANG_WARN__DUPLICATE_METHOD_MATCH = YES;
				COPY_PHASE_STRIP = NO;
				DEBUG_INFORMATION_FORMAT = "dwarf-with-dsym";
				ENABLE_NS_ASSERTIONS = NO;
				ENABLE_STRICT_OBJC_MSGSEND = YES;
				GCC_C_LANGUAGE_STANDARD = gnu11;
				GCC_NO_COMMON_BLOCKS = YES;
				GCC_WARN_64_TO_32_BIT_CONVERSION = YES;
				GCC_WARN_ABOUT_RETURN_TYPE = YES_ERROR;
				GCC_WARN_UNDECLARED_SELECTOR = YES;
				GCC_WARN_UNINITIALIZED_AUTOS = YES_AGGRESSIVE;
				GCC_WARN_UNUSED_FUNCTION = YES;
				GCC_WARN_UNUSED_VARIABLE = YES;
				IPHONEOS_DEPLOYMENT_TARGET = 16.2;
				MTL_ENABLE_DEBUG_INFO = NO;
				MTL_FAST_MATH = YES;
				SDKROOT = iphoneos;
				SWIFT_COMPILATION_MODE = wholemodule;
				SWIFT_OPTIMIZATION_LEVEL = "-O";
				VALIDATE_PRODUCT = YES;
			};
			name = Release;
		};
		A3DBE19A296BE180005B7F34 /* Debug */ = {
			isa = XCBuildConfiguration;
			buildSettings = {
				ASSETCATALOG_COMPILER_APPICON_NAME = AppIcon;
				ASSETCATALOG_COMPILER_GLOBAL_ACCENT_COLOR_NAME = AccentColor;
				CODE_SIGN_STYLE = Automatic;
				CURRENT_PROJECT_VERSION = 1;
				DEVELOPMENT_ASSET_PATHS = "\"Pinch/Preview Content\"";
				ENABLE_PREVIEWS = YES;
				GENERATE_INFOPLIST_FILE = YES;
				INFOPLIST_KEY_UIApplicationSceneManifest_Generation = YES;
				INFOPLIST_KEY_UIApplicationSupportsIndirectInputEvents = YES;
				INFOPLIST_KEY_UILaunchScreen_Generation = YES;
				INFOPLIST_KEY_UISupportedInterfaceOrientations = UIInterfaceOrientationPortrait;
				LD_RUNPATH_SEARCH_PATHS = (
					"$(inherited)",
					"@executable_path/Frameworks",
				);
				MARKETING_VERSION = 1.0;
				PRODUCT_BUNDLE_IDENTIFIER = WataRyo.Pinch;
				PRODUCT_NAME = "$(TARGET_NAME)";
				SWIFT_EMIT_LOC_STRINGS = YES;
				SWIFT_VERSION = 5.0;
				TARGETED_DEVICE_FAMILY = "1,2";
			};
			name = Debug;
		};
		A3DBE19B296BE180005B7F34 /* Release */ = {
			isa = XCBuildConfiguration;
			buildSettings = {
				ASSETCATALOG_COMPILER_APPICON_NAME = AppIcon;
				ASSETCATALOG_COMPILER_GLOBAL_ACCENT_COLOR_NAME = AccentColor;
				CODE_SIGN_STYLE = Automatic;
				CURRENT_PROJECT_VERSION = 1;
				DEVELOPMENT_ASSET_PATHS = "\"Pinch/Preview Content\"";
				ENABLE_PREVIEWS = YES;
				GENERATE_INFOPLIST_FILE = YES;
				INFOPLIST_KEY_UIApplicationSceneManifest_Generation = YES;
				INFOPLIST_KEY_UIApplicationSupportsIndirectInputEvents = YES;
				INFOPLIST_KEY_UILaunchScreen_Generation = YES;
				INFOPLIST_KEY_UISupportedInterfaceOrientations = UIInterfaceOrientationPortrait;
				LD_RUNPATH_SEARCH_PATHS = (
					"$(inherited)",
					"@executable_path/Frameworks",
				);
				MARKETING_VERSION = 1.0;
				PRODUCT_BUNDLE_IDENTIFIER = WataRyo.Pinch;
				PRODUCT_NAME = "$(TARGET_NAME)";
				SWIFT_EMIT_LOC_STRINGS = YES;
				SWIFT_VERSION = 5.0;
				TARGETED_DEVICE_FAMILY = "1,2";
			};
			name = Release;
		};
/* End XCBuildConfiguration section */

/* Begin XCConfigurationList section */
		A3DBE186296BE17B005B7F34 /* Build configuration list for PBXProject "Pinch" */ = {
			isa = XCConfigurationList;
			buildConfigurations = (
				A3DBE197296BE180005B7F34 /* Debug */,
				A3DBE198296BE180005B7F34 /* Release */,
			);
			defaultConfigurationIsVisible = 0;
			defaultConfigurationName = Release;
		};
		A3DBE199296BE180005B7F34 /* Build configuration list for PBXNativeTarget "Pinch" */ = {
			isa = XCConfigurationList;
			buildConfigurations = (
				A3DBE19A296BE180005B7F34 /* Debug */,
				A3DBE19B296BE180005B7F34 /* Release */,
			);
			defaultConfigurationIsVisible = 0;
			defaultConfigurationName = Release;
		};
/* End XCConfigurationList section */
	};
	rootObject = A3DBE183296BE17B005B7F34 /* Project object */;
}
