// !$*UTF8*$!
{
	archiveVersion = 1;
	classes = {
	};
	objectVersion = 56;
	objects = {

/* Begin PBXBuildFile section */
		A33B4E3829912CA2009386A1 /* AnimalListItemView.swift in Sources */ = {isa = PBXBuildFile; fileRef = A33B4E3729912CA2009386A1 /* AnimalListItemView.swift */; };
		A33B4E3A29912DC6009386A1 /* AnimalModel.swift in Sources */ = {isa = PBXBuildFile; fileRef = A33B4E3929912DC6009386A1 /* AnimalModel.swift */; };
		A33B4E3C29987D23009386A1 /* AnimalDetailView.swift in Sources */ = {isa = PBXBuildFile; fileRef = A33B4E3B29987D23009386A1 /* AnimalDetailView.swift */; };
		A33B4E3E2998A598009386A1 /* HeadingView.swift in Sources */ = {isa = PBXBuildFile; fileRef = A33B4E3D2998A598009386A1 /* HeadingView.swift */; };
		A33B4E402998A791009386A1 /* InsetGalleryView.swift in Sources */ = {isa = PBXBuildFile; fileRef = A33B4E3F2998A791009386A1 /* InsetGalleryView.swift */; };
		A359B73929B56599005311DA /* LocationModel.swift in Sources */ = {isa = PBXBuildFile; fileRef = A359B73829B56599005311DA /* LocationModel.swift */; };
		A39EF0BD29A1F96C004630EB /* InsentMapView.swift in Sources */ = {isa = PBXBuildFile; fileRef = A39EF0BC29A1F96C004630EB /* InsentMapView.swift */; };
		A39EF0BF29A1FE3E004630EB /* ExternalWeblinkView.swift in Sources */ = {isa = PBXBuildFile; fileRef = A39EF0BE29A1FE3E004630EB /* ExternalWeblinkView.swift */; };
		A39EF0C129A20443004630EB /* VIdeoModel.swift in Sources */ = {isa = PBXBuildFile; fileRef = A39EF0C029A20443004630EB /* VIdeoModel.swift */; };
		A39EF0C329A20626004630EB /* VideoListItemView.swift in Sources */ = {isa = PBXBuildFile; fileRef = A39EF0C229A20626004630EB /* VideoListItemView.swift */; };
		A39EF0C529A2507F004630EB /* VideoPlayerView.swift in Sources */ = {isa = PBXBuildFile; fileRef = A39EF0C429A2507F004630EB /* VideoPlayerView.swift */; };
		A39EF0C829A25162004630EB /* VideoPlayerHelper.swift in Sources */ = {isa = PBXBuildFile; fileRef = A39EF0C729A25162004630EB /* VideoPlayerHelper.swift */; };
		A3AB388F29B74A9C00A40649 /* MapAnnotationView.swift in Sources */ = {isa = PBXBuildFile; fileRef = A3AB388E29B74A9C00A40649 /* MapAnnotationView.swift */; };
		A3B81A00298E2097007BCCAE /* AfricaApp.swift in Sources */ = {isa = PBXBuildFile; fileRef = A3B819FF298E2097007BCCAE /* AfricaApp.swift */; };
		A3B81A02298E2097007BCCAE /* ContentView.swift in Sources */ = {isa = PBXBuildFile; fileRef = A3B81A01298E2097007BCCAE /* ContentView.swift */; };
		A3B81A04298E2098007BCCAE /* Assets.xcassets in Resources */ = {isa = PBXBuildFile; fileRef = A3B81A03298E2098007BCCAE /* Assets.xcassets */; };
		A3B81A07298E2099007BCCAE /* Preview Assets.xcassets in Resources */ = {isa = PBXBuildFile; fileRef = A3B81A06298E2099007BCCAE /* Preview Assets.xcassets */; };
		A3B81A18298E2255007BCCAE /* giraffe.mp4 in Resources */ = {isa = PBXBuildFile; fileRef = A3B81A0E298E2251007BCCAE /* giraffe.mp4 */; };
		A3B81A19298E2255007BCCAE /* elephant.mp4 in Resources */ = {isa = PBXBuildFile; fileRef = A3B81A0F298E2252007BCCAE /* elephant.mp4 */; };
		A3B81A1A298E2255007BCCAE /* ostrich.mp4 in Resources */ = {isa = PBXBuildFile; fileRef = A3B81A10298E2252007BCCAE /* ostrich.mp4 */; };
		A3B81A1B298E2255007BCCAE /* lion.mp4 in Resources */ = {isa = PBXBuildFile; fileRef = A3B81A11298E2253007BCCAE /* lion.mp4 */; };
		A3B81A1C298E2255007BCCAE /* zebra.mp4 in Resources */ = {isa = PBXBuildFile; fileRef = A3B81A12298E2253007BCCAE /* zebra.mp4 */; };
		A3B81A1D298E2255007BCCAE /* rhino.mp4 in Resources */ = {isa = PBXBuildFile; fileRef = A3B81A13298E2254007BCCAE /* rhino.mp4 */; };
		A3B81A1E298E2255007BCCAE /* cheetah.mp4 in Resources */ = {isa = PBXBuildFile; fileRef = A3B81A14298E2254007BCCAE /* cheetah.mp4 */; };
		A3B81A1F298E2255007BCCAE /* gorilla.mp4 in Resources */ = {isa = PBXBuildFile; fileRef = A3B81A15298E2254007BCCAE /* gorilla.mp4 */; };
		A3B81A20298E2255007BCCAE /* lioness.mp4 in Resources */ = {isa = PBXBuildFile; fileRef = A3B81A16298E2255007BCCAE /* lioness.mp4 */; };
		A3B81A21298E2255007BCCAE /* hippo.mp4 in Resources */ = {isa = PBXBuildFile; fileRef = A3B81A17298E2255007BCCAE /* hippo.mp4 */; };
		A3B81A27298E229C007BCCAE /* videos.json in Resources */ = {isa = PBXBuildFile; fileRef = A3B81A23298E229C007BCCAE /* videos.json */; };
		A3B81A28298E229C007BCCAE /* locations.json in Resources */ = {isa = PBXBuildFile; fileRef = A3B81A24298E229C007BCCAE /* locations.json */; };
		A3B81A29298E229C007BCCAE /* covers.json in Resources */ = {isa = PBXBuildFile; fileRef = A3B81A25298E229C007BCCAE /* covers.json */; };
		A3B81A2A298E229C007BCCAE /* animals.json in Resources */ = {isa = PBXBuildFile; fileRef = A3B81A26298E229C007BCCAE /* animals.json */; };
		A3B81A2E298E2611007BCCAE /* VideoListView.swift in Sources */ = {isa = PBXBuildFile; fileRef = A3B81A2D298E2611007BCCAE /* VideoListView.swift */; };
		A3B81A30298E261F007BCCAE /* MapView.swift in Sources */ = {isa = PBXBuildFile; fileRef = A3B81A2F298E261F007BCCAE /* MapView.swift */; };
		A3B81A32298E2647007BCCAE /* GalleryView.swift in Sources */ = {isa = PBXBuildFile; fileRef = A3B81A31298E2647007BCCAE /* GalleryView.swift */; };
		A3B81A34298E2666007BCCAE /* MainView.swift in Sources */ = {isa = PBXBuildFile; fileRef = A3B81A33298E2666007BCCAE /* MainView.swift */; };
		A3B81A37298E8392007BCCAE /* CoverImageView.swift in Sources */ = {isa = PBXBuildFile; fileRef = A3B81A36298E8392007BCCAE /* CoverImageView.swift */; };
		A3B81A3A298E86B4007BCCAE /* CoverImageModel.swift in Sources */ = {isa = PBXBuildFile; fileRef = A3B81A39298E86B4007BCCAE /* CoverImageModel.swift */; };
		A3B81A3D298E880D007BCCAE /* CodableBundleExtension.swift in Sources */ = {isa = PBXBuildFile; fileRef = A3B81A3C298E880D007BCCAE /* CodableBundleExtension.swift */; };
		A3BB64ED2A641DD40075437E /* MotionAnimationView.swift in Sources */ = {isa = PBXBuildFile; fileRef = A3BB64EC2A641DD40075437E /* MotionAnimationView.swift */; };
		A3BB64EF2A65102B0075437E /* AnimalGridItemView.swift in Sources */ = {isa = PBXBuildFile; fileRef = A3BB64EE2A65102B0075437E /* AnimalGridItemView.swift */; };
		A3BB64F52A6515C60075437E /* Stickers.xcassets in Resources */ = {isa = PBXBuildFile; fileRef = A3BB64F42A6515C60075437E /* Stickers.xcassets */; };
		A3BB64F92A6515C60075437E /* Stickers.appex in Embed Foundation Extensions */ = {isa = PBXBuildFile; fileRef = A3BB64F22A6515C30075437E /* Stickers.appex */; settings = {ATTRIBUTES = (RemoveHeadersOnCopy, ); }; };
		A3BB64FF2A6518790075437E /* CreditsView.swift in Sources */ = {isa = PBXBuildFile; fileRef = A3BB64FE2A6518790075437E /* CreditsView.swift */; };
		A3BB65022A6519E50075437E /* CustomModifier.swift in Sources */ = {isa = PBXBuildFile; fileRef = A3BB65012A6519E50075437E /* CustomModifier.swift */; };
		A3DD944729A1F59A00722924 /* InsetFactView.swift in Sources */ = {isa = PBXBuildFile; fileRef = A3DD944629A1F59A00722924 /* InsetFactView.swift */; };
/* End PBXBuildFile section */

/* Begin PBXContainerItemProxy section */
		A3BB64F72A6515C60075437E /* PBXContainerItemProxy */ = {
			isa = PBXContainerItemProxy;
			containerPortal = A3B819F4298E2097007BCCAE /* Project object */;
			proxyType = 1;
			remoteGlobalIDString = A3BB64F12A6515C30075437E;
			remoteInfo = Stickers;
		};
/* End PBXContainerItemProxy section */

/* Begin PBXCopyFilesBuildPhase section */
		A3BB64FD2A6515C60075437E /* Embed Foundation Extensions */ = {
			isa = PBXCopyFilesBuildPhase;
			buildActionMask = 2147483647;
			dstPath = "";
			dstSubfolderSpec = 13;
			files = (
				A3BB64F92A6515C60075437E /* Stickers.appex in Embed Foundation Extensions */,
			);
			name = "Embed Foundation Extensions";
			runOnlyForDeploymentPostprocessing = 0;
		};
/* End PBXCopyFilesBuildPhase section */

/* Begin PBXFileReference section */
		A33B4E3729912CA2009386A1 /* AnimalListItemView.swift */ = {isa = PBXFileReference; lastKnownFileType = sourcecode.swift; path = AnimalListItemView.swift; sourceTree = "<group>"; };
		A33B4E3929912DC6009386A1 /* AnimalModel.swift */ = {isa = PBXFileReference; lastKnownFileType = sourcecode.swift; path = AnimalModel.swift; sourceTree = "<group>"; };
		A33B4E3B29987D23009386A1 /* AnimalDetailView.swift */ = {isa = PBXFileReference; lastKnownFileType = sourcecode.swift; path = AnimalDetailView.swift; sourceTree = "<group>"; };
		A33B4E3D2998A598009386A1 /* HeadingView.swift */ = {isa = PBXFileReference; lastKnownFileType = sourcecode.swift; path = HeadingView.swift; sourceTree = "<group>"; };
		A33B4E3F2998A791009386A1 /* InsetGalleryView.swift */ = {isa = PBXFileReference; lastKnownFileType = sourcecode.swift; path = InsetGalleryView.swift; sourceTree = "<group>"; };
		A359B73829B56599005311DA /* LocationModel.swift */ = {isa = PBXFileReference; lastKnownFileType = sourcecode.swift; path = LocationModel.swift; sourceTree = "<group>"; };
		A39EF0BC29A1F96C004630EB /* InsentMapView.swift */ = {isa = PBXFileReference; lastKnownFileType = sourcecode.swift; path = InsentMapView.swift; sourceTree = "<group>"; };
		A39EF0BE29A1FE3E004630EB /* ExternalWeblinkView.swift */ = {isa = PBXFileReference; lastKnownFileType = sourcecode.swift; path = ExternalWeblinkView.swift; sourceTree = "<group>"; };
		A39EF0C029A20443004630EB /* VIdeoModel.swift */ = {isa = PBXFileReference; lastKnownFileType = sourcecode.swift; path = VIdeoModel.swift; sourceTree = "<group>"; };
		A39EF0C229A20626004630EB /* VideoListItemView.swift */ = {isa = PBXFileReference; lastKnownFileType = sourcecode.swift; path = VideoListItemView.swift; sourceTree = "<group>"; };
		A39EF0C429A2507F004630EB /* VideoPlayerView.swift */ = {isa = PBXFileReference; lastKnownFileType = sourcecode.swift; path = VideoPlayerView.swift; sourceTree = "<group>"; };
		A39EF0C729A25162004630EB /* VideoPlayerHelper.swift */ = {isa = PBXFileReference; lastKnownFileType = sourcecode.swift; path = VideoPlayerHelper.swift; sourceTree = "<group>"; };
		A3AB388E29B74A9C00A40649 /* MapAnnotationView.swift */ = {isa = PBXFileReference; lastKnownFileType = sourcecode.swift; path = MapAnnotationView.swift; sourceTree = "<group>"; };
		A3B819FC298E2097007BCCAE /* Africa.app */ = {isa = PBXFileReference; explicitFileType = wrapper.application; includeInIndex = 0; path = Africa.app; sourceTree = BUILT_PRODUCTS_DIR; };
		A3B819FF298E2097007BCCAE /* AfricaApp.swift */ = {isa = PBXFileReference; lastKnownFileType = sourcecode.swift; path = AfricaApp.swift; sourceTree = "<group>"; };
		A3B81A01298E2097007BCCAE /* ContentView.swift */ = {isa = PBXFileReference; lastKnownFileType = sourcecode.swift; path = ContentView.swift; sourceTree = "<group>"; };
		A3B81A03298E2098007BCCAE /* Assets.xcassets */ = {isa = PBXFileReference; lastKnownFileType = folder.assetcatalog; path = Assets.xcassets; sourceTree = "<group>"; };
		A3B81A06298E2099007BCCAE /* Preview Assets.xcassets */ = {isa = PBXFileReference; lastKnownFileType = folder.assetcatalog; path = "Preview Assets.xcassets"; sourceTree = "<group>"; };
		A3B81A0E298E2251007BCCAE /* giraffe.mp4 */ = {isa = PBXFileReference; lastKnownFileType = file; path = giraffe.mp4; sourceTree = "<group>"; };
		A3B81A0F298E2252007BCCAE /* elephant.mp4 */ = {isa = PBXFileReference; lastKnownFileType = file; path = elephant.mp4; sourceTree = "<group>"; };
		A3B81A10298E2252007BCCAE /* ostrich.mp4 */ = {isa = PBXFileReference; lastKnownFileType = file; path = ostrich.mp4; sourceTree = "<group>"; };
		A3B81A11298E2253007BCCAE /* lion.mp4 */ = {isa = PBXFileReference; lastKnownFileType = file; path = lion.mp4; sourceTree = "<group>"; };
		A3B81A12298E2253007BCCAE /* zebra.mp4 */ = {isa = PBXFileReference; lastKnownFileType = file; path = zebra.mp4; sourceTree = "<group>"; };
		A3B81A13298E2254007BCCAE /* rhino.mp4 */ = {isa = PBXFileReference; lastKnownFileType = file; path = rhino.mp4; sourceTree = "<group>"; };
		A3B81A14298E2254007BCCAE /* cheetah.mp4 */ = {isa = PBXFileReference; lastKnownFileType = file; path = cheetah.mp4; sourceTree = "<group>"; };
		A3B81A15298E2254007BCCAE /* gorilla.mp4 */ = {isa = PBXFileReference; lastKnownFileType = file; path = gorilla.mp4; sourceTree = "<group>"; };
		A3B81A16298E2255007BCCAE /* lioness.mp4 */ = {isa = PBXFileReference; lastKnownFileType = file; path = lioness.mp4; sourceTree = "<group>"; };
		A3B81A17298E2255007BCCAE /* hippo.mp4 */ = {isa = PBXFileReference; lastKnownFileType = file; path = hippo.mp4; sourceTree = "<group>"; };
		A3B81A23298E229C007BCCAE /* videos.json */ = {isa = PBXFileReference; fileEncoding = 4; lastKnownFileType = text.json; path = videos.json; sourceTree = "<group>"; };
		A3B81A24298E229C007BCCAE /* locations.json */ = {isa = PBXFileReference; fileEncoding = 4; lastKnownFileType = text.json; path = locations.json; sourceTree = "<group>"; };
		A3B81A25298E229C007BCCAE /* covers.json */ = {isa = PBXFileReference; fileEncoding = 4; lastKnownFileType = text.json; path = covers.json; sourceTree = "<group>"; };
		A3B81A26298E229C007BCCAE /* animals.json */ = {isa = PBXFileReference; fileEncoding = 4; lastKnownFileType = text.json; path = animals.json; sourceTree = "<group>"; };
		A3B81A2B298E23A7007BCCAE /* Info.plist */ = {isa = PBXFileReference; lastKnownFileType = text.plist; path = Info.plist; sourceTree = "<group>"; };
		A3B81A2D298E2611007BCCAE /* VideoListView.swift */ = {isa = PBXFileReference; lastKnownFileType = sourcecode.swift; path = VideoListView.swift; sourceTree = "<group>"; };
		A3B81A2F298E261F007BCCAE /* MapView.swift */ = {isa = PBXFileReference; lastKnownFileType = sourcecode.swift; path = MapView.swift; sourceTree = "<group>"; };
		A3B81A31298E2647007BCCAE /* GalleryView.swift */ = {isa = PBXFileReference; lastKnownFileType = sourcecode.swift; path = GalleryView.swift; sourceTree = "<group>"; };
		A3B81A33298E2666007BCCAE /* MainView.swift */ = {isa = PBXFileReference; lastKnownFileType = sourcecode.swift; path = MainView.swift; sourceTree = "<group>"; };
		A3B81A36298E8392007BCCAE /* CoverImageView.swift */ = {isa = PBXFileReference; lastKnownFileType = sourcecode.swift; path = CoverImageView.swift; sourceTree = "<group>"; };
		A3B81A39298E86B4007BCCAE /* CoverImageModel.swift */ = {isa = PBXFileReference; lastKnownFileType = sourcecode.swift; path = CoverImageModel.swift; sourceTree = "<group>"; };
		A3B81A3C298E880D007BCCAE /* CodableBundleExtension.swift */ = {isa = PBXFileReference; lastKnownFileType = sourcecode.swift; path = CodableBundleExtension.swift; sourceTree = "<group>"; };
		A3BB64EC2A641DD40075437E /* MotionAnimationView.swift */ = {isa = PBXFileReference; lastKnownFileType = sourcecode.swift; path = MotionAnimationView.swift; sourceTree = "<group>"; };
		A3BB64EE2A65102B0075437E /* AnimalGridItemView.swift */ = {isa = PBXFileReference; lastKnownFileType = sourcecode.swift; path = AnimalGridItemView.swift; sourceTree = "<group>"; };
		A3BB64F22A6515C30075437E /* Stickers.appex */ = {isa = PBXFileReference; explicitFileType = "wrapper.app-extension"; includeInIndex = 0; path = Stickers.appex; sourceTree = BUILT_PRODUCTS_DIR; };
		A3BB64F42A6515C60075437E /* Stickers.xcassets */ = {isa = PBXFileReference; lastKnownFileType = folder.assetcatalog; path = Stickers.xcassets; sourceTree = "<group>"; };
		A3BB64F62A6515C60075437E /* Info.plist */ = {isa = PBXFileReference; lastKnownFileType = text.plist.xml; path = Info.plist; sourceTree = "<group>"; };
		A3BB64FE2A6518790075437E /* CreditsView.swift */ = {isa = PBXFileReference; lastKnownFileType = sourcecode.swift; path = CreditsView.swift; sourceTree = "<group>"; };
		A3BB65012A6519E50075437E /* CustomModifier.swift */ = {isa = PBXFileReference; lastKnownFileType = sourcecode.swift; path = CustomModifier.swift; sourceTree = "<group>"; };
		A3DD944629A1F59A00722924 /* InsetFactView.swift */ = {isa = PBXFileReference; lastKnownFileType = sourcecode.swift; path = InsetFactView.swift; sourceTree = "<group>"; };
/* End PBXFileReference section */

/* Begin PBXFrameworksBuildPhase section */
		A3B819F9298E2097007BCCAE /* Frameworks */ = {
			isa = PBXFrameworksBuildPhase;
			buildActionMask = 2147483647;
			files = (
			);
			runOnlyForDeploymentPostprocessing = 0;
		};
/* End PBXFrameworksBuildPhase section */

/* Begin PBXGroup section */
		A39EF0C629A2514B004630EB /* Helper */ = {
			isa = PBXGroup;
			children = (
				A39EF0C729A25162004630EB /* VideoPlayerHelper.swift */,
			);
			path = Helper;
			sourceTree = "<group>";
		};
		A3B819F3298E2097007BCCAE = {
			isa = PBXGroup;
			children = (
				A3B819FE298E2097007BCCAE /* Africa */,
				A3BB64F32A6515C30075437E /* Stickers */,
				A3B819FD298E2097007BCCAE /* Products */,
			);
			sourceTree = "<group>";
		};
		A3B819FD298E2097007BCCAE /* Products */ = {
			isa = PBXGroup;
			children = (
				A3B819FC298E2097007BCCAE /* Africa.app */,
				A3BB64F22A6515C30075437E /* Stickers.appex */,
			);
			name = Products;
			sourceTree = "<group>";
		};
		A3B819FE298E2097007BCCAE /* Africa */ = {
			isa = PBXGroup;
			children = (
				A3BB65002A6519D00075437E /* Modifier */,
				A39EF0C629A2514B004630EB /* Helper */,
				A3B81A3B298E87EC007BCCAE /* Extension */,
				A3B81A38298E8695007BCCAE /* Model */,
				A3B81A35298E836E007BCCAE /* View */,
				A3B81A2B298E23A7007BCCAE /* Info.plist */,
				A3B81A22298E227C007BCCAE /* Data */,
				A3B81A0D298E222C007BCCAE /* Video */,
				A3B81A2C298E25CB007BCCAE /* App */,
				A3B81A03298E2098007BCCAE /* Assets.xcassets */,
				A3B81A05298E2099007BCCAE /* Preview Content */,
			);
			path = Africa;
			sourceTree = "<group>";
		};
		A3B81A05298E2099007BCCAE /* Preview Content */ = {
			isa = PBXGroup;
			children = (
				A3B81A06298E2099007BCCAE /* Preview Assets.xcassets */,
			);
			path = "Preview Content";
			sourceTree = "<group>";
		};
		A3B81A0D298E222C007BCCAE /* Video */ = {
			isa = PBXGroup;
			children = (
				A3B81A14298E2254007BCCAE /* cheetah.mp4 */,
				A3B81A0F298E2252007BCCAE /* elephant.mp4 */,
				A3B81A0E298E2251007BCCAE /* giraffe.mp4 */,
				A3B81A15298E2254007BCCAE /* gorilla.mp4 */,
				A3B81A17298E2255007BCCAE /* hippo.mp4 */,
				A3B81A11298E2253007BCCAE /* lion.mp4 */,
				A3B81A16298E2255007BCCAE /* lioness.mp4 */,
				A3B81A10298E2252007BCCAE /* ostrich.mp4 */,
				A3B81A13298E2254007BCCAE /* rhino.mp4 */,
				A3B81A12298E2253007BCCAE /* zebra.mp4 */,
			);
			path = Video;
			sourceTree = "<group>";
		};
		A3B81A22298E227C007BCCAE /* Data */ = {
			isa = PBXGroup;
			children = (
				A3B81A26298E229C007BCCAE /* animals.json */,
				A3B81A25298E229C007BCCAE /* covers.json */,
				A3B81A24298E229C007BCCAE /* locations.json */,
				A3B81A23298E229C007BCCAE /* videos.json */,
			);
			path = Data;
			sourceTree = "<group>";
		};
		A3B81A2C298E25CB007BCCAE /* App */ = {
			isa = PBXGroup;
			children = (
				A3B819FF298E2097007BCCAE /* AfricaApp.swift */,
				A3B81A01298E2097007BCCAE /* ContentView.swift */,
				A3B81A2D298E2611007BCCAE /* VideoListView.swift */,
				A3B81A2F298E261F007BCCAE /* MapView.swift */,
				A3B81A31298E2647007BCCAE /* GalleryView.swift */,
				A3B81A33298E2666007BCCAE /* MainView.swift */,
			);
			path = App;
			sourceTree = "<group>";
		};
		A3B81A35298E836E007BCCAE /* View */ = {
			isa = PBXGroup;
			children = (
				A3B81A36298E8392007BCCAE /* CoverImageView.swift */,
				A33B4E3729912CA2009386A1 /* AnimalListItemView.swift */,
				A33B4E3B29987D23009386A1 /* AnimalDetailView.swift */,
				A33B4E3D2998A598009386A1 /* HeadingView.swift */,
				A33B4E3F2998A791009386A1 /* InsetGalleryView.swift */,
				A3DD944629A1F59A00722924 /* InsetFactView.swift */,
				A39EF0BC29A1F96C004630EB /* InsentMapView.swift */,
				A39EF0BE29A1FE3E004630EB /* ExternalWeblinkView.swift */,
				A39EF0C229A20626004630EB /* VideoListItemView.swift */,
				A39EF0C429A2507F004630EB /* VideoPlayerView.swift */,
				A3AB388E29B74A9C00A40649 /* MapAnnotationView.swift */,
				A3BB64EC2A641DD40075437E /* MotionAnimationView.swift */,
				A3BB64EE2A65102B0075437E /* AnimalGridItemView.swift */,
				A3BB64FE2A6518790075437E /* CreditsView.swift */,
			);
			path = View;
			sourceTree = "<group>";
		};
		A3B81A38298E8695007BCCAE /* Model */ = {
			isa = PBXGroup;
			children = (
				A3B81A39298E86B4007BCCAE /* CoverImageModel.swift */,
				A33B4E3929912DC6009386A1 /* AnimalModel.swift */,
				A39EF0C029A20443004630EB /* VIdeoModel.swift */,
				A359B73829B56599005311DA /* LocationModel.swift */,
			);
			path = Model;
			sourceTree = "<group>";
		};
		A3B81A3B298E87EC007BCCAE /* Extension */ = {
			isa = PBXGroup;
			children = (
				A3B81A3C298E880D007BCCAE /* CodableBundleExtension.swift */,
			);
			path = Extension;
			sourceTree = "<group>";
		};
		A3BB64F32A6515C30075437E /* Stickers */ = {
			isa = PBXGroup;
			children = (
				A3BB64F42A6515C60075437E /* Stickers.xcassets */,
				A3BB64F62A6515C60075437E /* Info.plist */,
			);
			path = Stickers;
			sourceTree = "<group>";
		};
		A3BB65002A6519D00075437E /* Modifier */ = {
			isa = PBXGroup;
			children = (
				A3BB65012A6519E50075437E /* CustomModifier.swift */,
			);
			path = Modifier;
			sourceTree = "<group>";
		};
/* End PBXGroup section */

/* Begin PBXNativeTarget section */
		A3B819FB298E2097007BCCAE /* Africa */ = {
			isa = PBXNativeTarget;
			buildConfigurationList = A3B81A0A298E2099007BCCAE /* Build configuration list for PBXNativeTarget "Africa" */;
			buildPhases = (
				A3B819F8298E2097007BCCAE /* Sources */,
				A3B819F9298E2097007BCCAE /* Frameworks */,
				A3B819FA298E2097007BCCAE /* Resources */,
				A3BB64FD2A6515C60075437E /* Embed Foundation Extensions */,
			);
			buildRules = (
			);
			dependencies = (
				A3BB64F82A6515C60075437E /* PBXTargetDependency */,
			);
			name = Africa;
			productName = Africa;
			productReference = A3B819FC298E2097007BCCAE /* Africa.app */;
			productType = "com.apple.product-type.application";
		};
		A3BB64F12A6515C30075437E /* Stickers */ = {
			isa = PBXNativeTarget;
			buildConfigurationList = A3BB64FA2A6515C60075437E /* Build configuration list for PBXNativeTarget "Stickers" */;
			buildPhases = (
				A3BB64F02A6515C30075437E /* Resources */,
			);
			buildRules = (
			);
			dependencies = (
			);
			name = Stickers;
			productName = Stickers;
			productReference = A3BB64F22A6515C30075437E /* Stickers.appex */;
			productType = "com.apple.product-type.app-extension.messages-sticker-pack";
		};
/* End PBXNativeTarget section */

/* Begin PBXProject section */
		A3B819F4298E2097007BCCAE /* Project object */ = {
			isa = PBXProject;
			attributes = {
				BuildIndependentTargetsInParallel = 1;
				LastSwiftUpdateCheck = 1420;
				LastUpgradeCheck = 1420;
				TargetAttributes = {
					A3B819FB298E2097007BCCAE = {
						CreatedOnToolsVersion = 14.2;
					};
					A3BB64F12A6515C30075437E = {
						CreatedOnToolsVersion = 14.3.1;
					};
				};
			};
			buildConfigurationList = A3B819F7298E2097007BCCAE /* Build configuration list for PBXProject "Africa" */;
			compatibilityVersion = "Xcode 14.0";
			developmentRegion = en;
			hasScannedForEncodings = 0;
			knownRegions = (
				en,
				Base,
			);
			mainGroup = A3B819F3298E2097007BCCAE;
			productRefGroup = A3B819FD298E2097007BCCAE /* Products */;
			projectDirPath = "";
			projectRoot = "";
			targets = (
				A3B819FB298E2097007BCCAE /* Africa */,
				A3BB64F12A6515C30075437E /* Stickers */,
			);
		};
/* End PBXProject section */

/* Begin PBXResourcesBuildPhase section */
		A3B819FA298E2097007BCCAE /* Resources */ = {
			isa = PBXResourcesBuildPhase;
			buildActionMask = 2147483647;
			files = (
				A3B81A28298E229C007BCCAE /* locations.json in Resources */,
				A3B81A1D298E2255007BCCAE /* rhino.mp4 in Resources */,
				A3B81A20298E2255007BCCAE /* lioness.mp4 in Resources */,
				A3B81A19298E2255007BCCAE /* elephant.mp4 in Resources */,
				A3B81A1F298E2255007BCCAE /* gorilla.mp4 in Resources */,
				A3B81A27298E229C007BCCAE /* videos.json in Resources */,
				A3B81A21298E2255007BCCAE /* hippo.mp4 in Resources */,
				A3B81A1B298E2255007BCCAE /* lion.mp4 in Resources */,
				A3B81A07298E2099007BCCAE /* Preview Assets.xcassets in Resources */,
				A3B81A2A298E229C007BCCAE /* animals.json in Resources */,
				A3B81A04298E2098007BCCAE /* Assets.xcassets in Resources */,
				A3B81A29298E229C007BCCAE /* covers.json in Resources */,
				A3B81A1A298E2255007BCCAE /* ostrich.mp4 in Resources */,
				A3B81A1C298E2255007BCCAE /* zebra.mp4 in Resources */,
				A3B81A18298E2255007BCCAE /* giraffe.mp4 in Resources */,
				A3B81A1E298E2255007BCCAE /* cheetah.mp4 in Resources */,
			);
			runOnlyForDeploymentPostprocessing = 0;
		};
		A3BB64F02A6515C30075437E /* Resources */ = {
			isa = PBXResourcesBuildPhase;
			buildActionMask = 2147483647;
			files = (
				A3BB64F52A6515C60075437E /* Stickers.xcassets in Resources */,
			);
			runOnlyForDeploymentPostprocessing = 0;
		};
/* End PBXResourcesBuildPhase section */

/* Begin PBXSourcesBuildPhase section */
		A3B819F8298E2097007BCCAE /* Sources */ = {
			isa = PBXSourcesBuildPhase;
			buildActionMask = 2147483647;
			files = (
				A39EF0BF29A1FE3E004630EB /* ExternalWeblinkView.swift in Sources */,
				A3B81A02298E2097007BCCAE /* ContentView.swift in Sources */,
				A33B4E3829912CA2009386A1 /* AnimalListItemView.swift in Sources */,
				A3B81A34298E2666007BCCAE /* MainView.swift in Sources */,
				A3DD944729A1F59A00722924 /* InsetFactView.swift in Sources */,
				A3B81A37298E8392007BCCAE /* CoverImageView.swift in Sources */,
				A3B81A3A298E86B4007BCCAE /* CoverImageModel.swift in Sources */,
				A33B4E3C29987D23009386A1 /* AnimalDetailView.swift in Sources */,
				A3BB65022A6519E50075437E /* CustomModifier.swift in Sources */,
				A33B4E3A29912DC6009386A1 /* AnimalModel.swift in Sources */,
				A39EF0BD29A1F96C004630EB /* InsentMapView.swift in Sources */,
				A39EF0C829A25162004630EB /* VideoPlayerHelper.swift in Sources */,
				A3B81A30298E261F007BCCAE /* MapView.swift in Sources */,
				A3B81A00298E2097007BCCAE /* AfricaApp.swift in Sources */,
				A3AB388F29B74A9C00A40649 /* MapAnnotationView.swift in Sources */,
				A3B81A2E298E2611007BCCAE /* VideoListView.swift in Sources */,
				A39EF0C129A20443004630EB /* VIdeoModel.swift in Sources */,
				A3B81A32298E2647007BCCAE /* GalleryView.swift in Sources */,
				A359B73929B56599005311DA /* LocationModel.swift in Sources */,
				A3BB64EF2A65102B0075437E /* AnimalGridItemView.swift in Sources */,
				A33B4E402998A791009386A1 /* InsetGalleryView.swift in Sources */,
				A39EF0C329A20626004630EB /* VideoListItemView.swift in Sources */,
				A3BB64FF2A6518790075437E /* CreditsView.swift in Sources */,
				A3B81A3D298E880D007BCCAE /* CodableBundleExtension.swift in Sources */,
				A3BB64ED2A641DD40075437E /* MotionAnimationView.swift in Sources */,
				A33B4E3E2998A598009386A1 /* HeadingView.swift in Sources */,
				A39EF0C529A2507F004630EB /* VideoPlayerView.swift in Sources */,
			);
			runOnlyForDeploymentPostprocessing = 0;
		};
/* End PBXSourcesBuildPhase section */

/* Begin PBXTargetDependency section */
		A3BB64F82A6515C60075437E /* PBXTargetDependency */ = {
			isa = PBXTargetDependency;
			target = A3BB64F12A6515C30075437E /* Stickers */;
			targetProxy = A3BB64F72A6515C60075437E /* PBXContainerItemProxy */;
		};
/* End PBXTargetDependency section */

/* Begin XCBuildConfiguration section */
		A3B81A08298E2099007BCCAE /* Debug */ = {
			isa = XCBuildConfiguration;
			buildSettings = {
				ALWAYS_SEARCH_USER_PATHS = NO;
				CLANG_ANALYZER_NONNULL = YES;
				CLANG_ANALYZER_NUMBER_OBJECT_CONVERSION = YES_AGGRESSIVE;
				CLANG_CXX_LANGUAGE_STANDARD = "gnu++20";
				CLANG_ENABLE_MODULES = YES;
				CLANG_ENABLE_OBJC_ARC = YES;
				CLANG_ENABLE_OBJC_WEAK = YES;
				CLANG_WARN_BLOCK_CAPTURE_AUTORELEASING = YES;
				CLANG_WARN_BOOL_CONVERSION = YES;
				CLANG_WARN_COMMA = YES;
				CLANG_WARN_CONSTANT_CONVERSION = YES;
				CLANG_WARN_DEPRECATED_OBJC_IMPLEMENTATIONS = YES;
				CLANG_WARN_DIRECT_OBJC_ISA_USAGE = YES_ERROR;
				CLANG_WARN_DOCUMENTATION_COMMENTS = YES;
				CLANG_WARN_EMPTY_BODY = YES;
				CLANG_WARN_ENUM_CONVERSION = YES;
				CLANG_WARN_INFINITE_RECURSION = YES;
				CLANG_WARN_INT_CONVERSION = YES;
				CLANG_WARN_NON_LITERAL_NULL_CONVERSION = YES;
				CLANG_WARN_OBJC_IMPLICIT_RETAIN_SELF = YES;
				CLANG_WARN_OBJC_LITERAL_CONVERSION = YES;
				CLANG_WARN_OBJC_ROOT_CLASS = YES_ERROR;
				CLANG_WARN_QUOTED_INCLUDE_IN_FRAMEWORK_HEADER = YES;
				CLANG_WARN_RANGE_LOOP_ANALYSIS = YES;
				CLANG_WARN_STRICT_PROTOTYPES = YES;
				CLANG_WARN_SUSPICIOUS_MOVE = YES;
				CLANG_WARN_UNGUARDED_AVAILABILITY = YES_AGGRESSIVE;
				CLANG_WARN_UNREACHABLE_CODE = YES;
				CLANG_WARN__DUPLICATE_METHOD_MATCH = YES;
				COPY_PHASE_STRIP = NO;
				DEBUG_INFORMATION_FORMAT = dwarf;
				ENABLE_STRICT_OBJC_MSGSEND = YES;
				ENABLE_TESTABILITY = YES;
				GCC_C_LANGUAGE_STANDARD = gnu11;
				GCC_DYNAMIC_NO_PIC = NO;
				GCC_NO_COMMON_BLOCKS = YES;
				GCC_OPTIMIZATION_LEVEL = 0;
				GCC_PREPROCESSOR_DEFINITIONS = (
					"DEBUG=1",
					"$(inherited)",
				);
				GCC_WARN_64_TO_32_BIT_CONVERSION = YES;
				GCC_WARN_ABOUT_RETURN_TYPE = YES_ERROR;
				GCC_WARN_UNDECLARED_SELECTOR = YES;
				GCC_WARN_UNINITIALIZED_AUTOS = YES_AGGRESSIVE;
				GCC_WARN_UNUSED_FUNCTION = YES;
				GCC_WARN_UNUSED_VARIABLE = YES;
				IPHONEOS_DEPLOYMENT_TARGET = 16.2;
				MTL_ENABLE_DEBUG_INFO = INCLUDE_SOURCE;
				MTL_FAST_MATH = YES;
				ONLY_ACTIVE_ARCH = YES;
				SDKROOT = iphoneos;
				SWIFT_ACTIVE_COMPILATION_CONDITIONS = DEBUG;
				SWIFT_OPTIMIZATION_LEVEL = "-Onone";
			};
			name = Debug;
		};
		A3B81A09298E2099007BCCAE /* Release */ = {
			isa = XCBuildConfiguration;
			buildSettings = {
				ALWAYS_SEARCH_USER_PATHS = NO;
				CLANG_ANALYZER_NONNULL = YES;
				CLANG_ANALYZER_NUMBER_OBJECT_CONVERSION = YES_AGGRESSIVE;
				CLANG_CXX_LANGUAGE_STANDARD = "gnu++20";
				CLANG_ENABLE_MODULES = YES;
				CLANG_ENABLE_OBJC_ARC = YES;
				CLANG_ENABLE_OBJC_WEAK = YES;
				CLANG_WARN_BLOCK_CAPTURE_AUTORELEASING = YES;
				CLANG_WARN_BOOL_CONVERSION = YES;
				CLANG_WARN_COMMA = YES;
				CLANG_WARN_CONSTANT_CONVERSION = YES;
				CLANG_WARN_DEPRECATED_OBJC_IMPLEMENTATIONS = YES;
				CLANG_WARN_DIRECT_OBJC_ISA_USAGE = YES_ERROR;
				CLANG_WARN_DOCUMENTATION_COMMENTS = YES;
				CLANG_WARN_EMPTY_BODY = YES;
				CLANG_WARN_ENUM_CONVERSION = YES;
				CLANG_WARN_INFINITE_RECURSION = YES;
				CLANG_WARN_INT_CONVERSION = YES;
				CLANG_WARN_NON_LITERAL_NULL_CONVERSION = YES;
				CLANG_WARN_OBJC_IMPLICIT_RETAIN_SELF = YES;
				CLANG_WARN_OBJC_LITERAL_CONVERSION = YES;
				CLANG_WARN_OBJC_ROOT_CLASS = YES_ERROR;
				CLANG_WARN_QUOTED_INCLUDE_IN_FRAMEWORK_HEADER = YES;
				CLANG_WARN_RANGE_LOOP_ANALYSIS = YES;
				CLANG_WARN_STRICT_PROTOTYPES = YES;
				CLANG_WARN_SUSPICIOUS_MOVE = YES;
				CLANG_WARN_UNGUARDED_AVAILABILITY = YES_AGGRESSIVE;
				CLANG_WARN_UNREACHABLE_CODE = YES;
				CLANG_WARN__DUPLICATE_METHOD_MATCH = YES;
				COPY_PHASE_STRIP = NO;
				DEBUG_INFORMATION_FORMAT = "dwarf-with-dsym";
				ENABLE_NS_ASSERTIONS = NO;
				ENABLE_STRICT_OBJC_MSGSEND = YES;
				GCC_C_LANGUAGE_STANDARD = gnu11;
				GCC_NO_COMMON_BLOCKS = YES;
				GCC_WARN_64_TO_32_BIT_CONVERSION = YES;
				GCC_WARN_ABOUT_RETURN_TYPE = YES_ERROR;
				GCC_WARN_UNDECLARED_SELECTOR = YES;
				GCC_WARN_UNINITIALIZED_AUTOS = YES_AGGRESSIVE;
				GCC_WARN_UNUSED_FUNCTION = YES;
				GCC_WARN_UNUSED_VARIABLE = YES;
				IPHONEOS_DEPLOYMENT_TARGET = 16.2;
				MTL_ENABLE_DEBUG_INFO = NO;
				MTL_FAST_MATH = YES;
				SDKROOT = iphoneos;
				SWIFT_COMPILATION_MODE = wholemodule;
				SWIFT_OPTIMIZATION_LEVEL = "-O";
				VALIDATE_PRODUCT = YES;
			};
			name = Release;
		};
		A3B81A0B298E2099007BCCAE /* Debug */ = {
			isa = XCBuildConfiguration;
			buildSettings = {
				ASSETCATALOG_COMPILER_APPICON_NAME = AppIcon;
				ASSETCATALOG_COMPILER_GLOBAL_ACCENT_COLOR_NAME = AccentColor;
				CODE_SIGN_STYLE = Automatic;
				CURRENT_PROJECT_VERSION = 1;
				DEVELOPMENT_ASSET_PATHS = "\"Africa/Preview Content\"";
				ENABLE_PREVIEWS = YES;
				GENERATE_INFOPLIST_FILE = YES;
				INFOPLIST_FILE = Africa/Info.plist;
				INFOPLIST_KEY_UIApplicationSceneManifest_Generation = YES;
				INFOPLIST_KEY_UIApplicationSupportsIndirectInputEvents = YES;
				INFOPLIST_KEY_UISupportedInterfaceOrientations_iPad = "UIInterfaceOrientationPortrait UIInterfaceOrientationPortraitUpsideDown UIInterfaceOrientationLandscapeLeft UIInterfaceOrientationLandscapeRight";
				INFOPLIST_KEY_UISupportedInterfaceOrientations_iPhone = "UIInterfaceOrientationPortrait UIInterfaceOrientationLandscapeLeft UIInterfaceOrientationLandscapeRight";
				INFOPLIST_KEY_UIUserInterfaceStyle = Dark;
				LD_RUNPATH_SEARCH_PATHS = (
					"$(inherited)",
					"@executable_path/Frameworks",
				);
				MARKETING_VERSION = 1.0;
				PRODUCT_BUNDLE_IDENTIFIER = WataRyo.Africa;
				PRODUCT_NAME = "$(TARGET_NAME)";
				SWIFT_EMIT_LOC_STRINGS = YES;
				SWIFT_VERSION = 5.0;
				TARGETED_DEVICE_FAMILY = "1,2";
			};
			name = Debug;
		};
		A3B81A0C298E2099007BCCAE /* Release */ = {
			isa = XCBuildConfiguration;
			buildSettings = {
				ASSETCATALOG_COMPILER_APPICON_NAME = AppIcon;
				ASSETCATALOG_COMPILER_GLOBAL_ACCENT_COLOR_NAME = AccentColor;
				CODE_SIGN_STYLE = Automatic;
				CURRENT_PROJECT_VERSION = 1;
				DEVELOPMENT_ASSET_PATHS = "\"Africa/Preview Content\"";
				ENABLE_PREVIEWS = YES;
				GENERATE_INFOPLIST_FILE = YES;
				INFOPLIST_FILE = Africa/Info.plist;
				INFOPLIST_KEY_UIApplicationSceneManifest_Generation = YES;
				INFOPLIST_KEY_UIApplicationSupportsIndirectInputEvents = YES;
				INFOPLIST_KEY_UISupportedInterfaceOrientations_iPad = "UIInterfaceOrientationPortrait UIInterfaceOrientationPortraitUpsideDown UIInterfaceOrientationLandscapeLeft UIInterfaceOrientationLandscapeRight";
				INFOPLIST_KEY_UISupportedInterfaceOrientations_iPhone = "UIInterfaceOrientationPortrait UIInterfaceOrientationLandscapeLeft UIInterfaceOrientationLandscapeRight";
				INFOPLIST_KEY_UIUserInterfaceStyle = Dark;
				LD_RUNPATH_SEARCH_PATHS = (
					"$(inherited)",
					"@executable_path/Frameworks",
				);
				MARKETING_VERSION = 1.0;
				PRODUCT_BUNDLE_IDENTIFIER = WataRyo.Africa;
				PRODUCT_NAME = "$(TARGET_NAME)";
				SWIFT_EMIT_LOC_STRINGS = YES;
				SWIFT_VERSION = 5.0;
				TARGETED_DEVICE_FAMILY = "1,2";
			};
			name = Release;
		};
		A3BB64FB2A6515C60075437E /* Debug */ = {
			isa = XCBuildConfiguration;
			buildSettings = {
				ASSETCATALOG_COMPILER_APPICON_NAME = "iMessage App Icon";
				CODE_SIGN_STYLE = Automatic;
				CURRENT_PROJECT_VERSION = 1;
				GENERATE_INFOPLIST_FILE = YES;
				INFOPLIST_FILE = Stickers/Info.plist;
				INFOPLIST_KEY_CFBundleDisplayName = Africa;
				IPHONEOS_DEPLOYMENT_TARGET = 16.4;
				MARKETING_VERSION = 1.0;
				PRODUCT_BUNDLE_IDENTIFIER = WataRyo.Africa.Stickers;
				PRODUCT_NAME = "$(TARGET_NAME)";
				SKIP_INSTALL = YES;
				SWIFT_EMIT_LOC_STRINGS = YES;
				TARGETED_DEVICE_FAMILY = "1,2";
			};
			name = Debug;
		};
		A3BB64FC2A6515C60075437E /* Release */ = {
			isa = XCBuildConfiguration;
			buildSettings = {
				ASSETCATALOG_COMPILER_APPICON_NAME = "iMessage App Icon";
				CODE_SIGN_STYLE = Automatic;
				CURRENT_PROJECT_VERSION = 1;
				GENERATE_INFOPLIST_FILE = YES;
				INFOPLIST_FILE = Stickers/Info.plist;
				INFOPLIST_KEY_CFBundleDisplayName = Africa;
				IPHONEOS_DEPLOYMENT_TARGET = 16.4;
				MARKETING_VERSION = 1.0;
				PRODUCT_BUNDLE_IDENTIFIER = WataRyo.Africa.Stickers;
				PRODUCT_NAME = "$(TARGET_NAME)";
				SKIP_INSTALL = YES;
				SWIFT_EMIT_LOC_STRINGS = YES;
				TARGETED_DEVICE_FAMILY = "1,2";
			};
			name = Release;
		};
/* End XCBuildConfiguration section */

/* Begin XCConfigurationList section */
		A3B819F7298E2097007BCCAE /* Build configuration list for PBXProject "Africa" */ = {
			isa = XCConfigurationList;
			buildConfigurations = (
				A3B81A08298E2099007BCCAE /* Debug */,
				A3B81A09298E2099007BCCAE /* Release */,
			);
			defaultConfigurationIsVisible = 0;
			defaultConfigurationName = Release;
		};
		A3B81A0A298E2099007BCCAE /* Build configuration list for PBXNativeTarget "Africa" */ = {
			isa = XCConfigurationList;
			buildConfigurations = (
				A3B81A0B298E2099007BCCAE /* Debug */,
				A3B81A0C298E2099007BCCAE /* Release */,
			);
			defaultConfigurationIsVisible = 0;
			defaultConfigurationName = Release;
		};
		A3BB64FA2A6515C60075437E /* Build configuration list for PBXNativeTarget "Stickers" */ = {
			isa = XCConfigurationList;
			buildConfigurations = (
				A3BB64FB2A6515C60075437E /* Debug */,
				A3BB64FC2A6515C60075437E /* Release */,
			);
			defaultConfigurationIsVisible = 0;
			defaultConfigurationName = Release;
		};
/* End XCConfigurationList section */
	};
	rootObject = A3B819F4298E2097007BCCAE /* Project object */;
}
